
Microsoft Visual Studio Solution File, Format Version 12.00
# Visual Studio Version 17
VisualStudioVersion = 17.12.35527.113
MinimumVisualStudioVersion = 10.0.40219.1
Project("{FAE04EC0-301F-11D3-BF4B-00C04F79EFBC}") = "WeatherTelegramBot", "WeatherTelegramBot\WeatherTelegramBot.csproj", "{5D62F475-CFDA-433C-BEC6-1ECC061D5C4A}"
EndProject
Project("{FAE04EC0-301F-11D3-BF4B-00C04F79EFBC}") = "WeatherTelegramBotAPI", "WeatherTelegramBotAPI\WeatherTelegramBotAPI.csproj", "{BD7DBEA5-1DA9-449C-B674-BD7C0F7BB973}"
EndProject
Global
	GlobalSection(SolutionConfigurationPlatforms) = preSolution
		Debug|Any CPU = Debug|Any CPU
		Release|Any CPU = Release|Any CPU
	EndGlobalSection
	GlobalSection(ProjectConfigurationPlatforms) = postSolution
		{5D62F475-CFDA-433C-BEC6-1ECC061D5C4A}.Debug|Any CPU.ActiveCfg = Debug|Any CPU
		{5D62F475-CFDA-433C-BEC6-1ECC061D5C4A}.Debug|Any CPU.Build.0 = Debug|Any CPU
		{5D62F475-CFDA-433C-BEC6-1ECC061D5C4A}.Release|Any CPU.ActiveCfg = Release|Any CPU
		{5D62F475-CFDA-433C-BEC6-1ECC061D5C4A}.Release|Any CPU.Build.0 = Release|Any CPU
		{BD7DBEA5-1DA9-449C-B674-BD7C0F7BB973}.Debug|Any CPU.ActiveCfg = Debug|Any CPU
		{BD7DBEA5-1DA9-449C-B674-BD7C0F7BB973}.Debug|Any CPU.Build.0 = Debug|Any CPU
		{BD7DBEA5-1DA9-449C-B674-BD7C0F7BB973}.Release|Any CPU.ActiveCfg = Release|Any CPU
		{BD7DBEA5-1DA9-449C-B674-BD7C0F7BB973}.Release|Any CPU.Build.0 = Release|Any CPU
	EndGlobalSection
	GlobalSection(SolutionProperties) = preSolution
		HideSolutionNode = FALSE
	EndGlobalSection
EndGlobal
